
Microsoft Visual Studio Solution File, Format Version 12.00
# Visual Studio Version 16
VisualStudioVersion = 16.0.30320.27
MinimumVisualStudioVersion = 10.0.40219.1
Project("{9A19103F-16F7-4668-BE54-9A1E7A4F7556}") = "EmailReplyParserCore", "EmailReplyParserCore\EmailReplyParserCore.csproj", "{F3BE7E6E-4E09-4E3B-9FB3-634A463FE325}"
EndProject
Project("{9A19103F-16F7-4668-BE54-9A1E7A4F7556}") = "EmailReplyParserCore.Tests", "EmailReplyParserCore.Tests\EmailReplyParserCore.Tests.csproj", "{BBF57D40-BA2C-46BB-8F7E-CA2E7E1DCB44}"
EndProject
Global
	GlobalSection(SolutionConfigurationPlatforms) = preSolution
		Debug|Any CPU = Debug|Any CPU
		Release|Any CPU = Release|Any CPU
	EndGlobalSection
	GlobalSection(ProjectConfigurationPlatforms) = postSolution
		{F3BE7E6E-4E09-4E3B-9FB3-634A463FE325}.Debug|Any CPU.ActiveCfg = Debug|Any CPU
		{F3BE7E6E-4E09-4E3B-9FB3-634A463FE325}.Debug|Any CPU.Build.0 = Debug|Any CPU
		{F3BE7E6E-4E09-4E3B-9FB3-634A463FE325}.Release|Any CPU.ActiveCfg = Release|Any CPU
		{F3BE7E6E-4E09-4E3B-9FB3-634A463FE325}.Release|Any CPU.Build.0 = Release|Any CPU
		{BBF57D40-BA2C-46BB-8F7E-CA2E7E1DCB44}.Debug|Any CPU.ActiveCfg = Debug|Any CPU
		{BBF57D40-BA2C-46BB-8F7E-CA2E7E1DCB44}.Debug|Any CPU.Build.0 = Debug|Any CPU
		{BBF57D40-BA2C-46BB-8F7E-CA2E7E1DCB44}.Release|Any CPU.ActiveCfg = Release|Any CPU
		{BBF57D40-BA2C-46BB-8F7E-CA2E7E1DCB44}.Release|Any CPU.Build.0 = Release|Any CPU
	EndGlobalSection
	GlobalSection(SolutionProperties) = preSolution
		HideSolutionNode = FALSE
	EndGlobalSection
	GlobalSection(ExtensibilityGlobals) = postSolution
		SolutionGuid = {68C88D9B-2D74-4069-BBB4-DAD2A87AE957}
	EndGlobalSection
EndGlobal
